
Microsoft Visual Studio Solution File, Format Version 12.00
# Visual Studio 2012
Project("{8BC9CEB8-8B4A-11D0-8D11-00A0C91BC942}") = "ExamplePractical", "ExamplePractical\ExamplePractical.vcxproj", "{E6F00C71-C554-4B1F-A9BF-6A0CF531EF2C}"
EndProject
Global
	GlobalSection(SolutionConfigurationPlatforms) = preSolution
		Debug|Win32 = Debug|Win32
		Release|Win32 = Release|Win32
	EndGlobalSection
	GlobalSection(ProjectConfigurationPlatforms) = postSolution
		{E6F00C71-C554-4B1F-A9BF-6A0CF531EF2C}.Debug|Win32.ActiveCfg = Debug|Win32
		{E6F00C71-C554-4B1F-A9BF-6A0CF531EF2C}.Debug|Win32.Build.0 = Debug|Win32
		{E6F00C71-C554-4B1F-A9BF-6A0CF531EF2C}.Release|Win32.ActiveCfg = Release|Win32
		{E6F00C71-C554-4B1F-A9BF-6A0CF531EF2C}.Release|Win32.Build.0 = Release|Win32
	EndGlobalSection
	GlobalSection(SolutionProperties) = preSolution
		HideSolutionNode = FALSE
	EndGlobalSection
EndGlobal
