
Microsoft Visual Studio Solution File, Format Version 12.00
# Visual Studio 2012
Project("{8BC9CEB8-8B4A-11D0-8D11-00A0C91BC942}") = "Assign4_Average", "Assign4_Average\Assign4_Average.vcxproj", "{A4068BD1-4562-4ED9-B650-16B4950023E6}"
EndProject
Global
	GlobalSection(SolutionConfigurationPlatforms) = preSolution
		Debug|Win32 = Debug|Win32
		Release|Win32 = Release|Win32
	EndGlobalSection
	GlobalSection(ProjectConfigurationPlatforms) = postSolution
		{A4068BD1-4562-4ED9-B650-16B4950023E6}.Debug|Win32.ActiveCfg = Debug|Win32
		{A4068BD1-4562-4ED9-B650-16B4950023E6}.Debug|Win32.Build.0 = Debug|Win32
		{A4068BD1-4562-4ED9-B650-16B4950023E6}.Release|Win32.ActiveCfg = Release|Win32
		{A4068BD1-4562-4ED9-B650-16B4950023E6}.Release|Win32.Build.0 = Release|Win32
	EndGlobalSection
	GlobalSection(SolutionProperties) = preSolution
		HideSolutionNode = FALSE
	EndGlobalSection
EndGlobal
