
Microsoft Visual Studio Solution File, Format Version 12.00
# Visual Studio 2012
Project("{8BC9CEB8-8B4A-11D0-8D11-00A0C91BC942}") = "ProjectStart", "ProjectStart\ProjectStart.vcxproj", "{BDD9F9B8-069F-45E1-B51B-425A74DE22D7}"
EndProject
Global
	GlobalSection(SolutionConfigurationPlatforms) = preSolution
		Debug|Win32 = Debug|Win32
		Release|Win32 = Release|Win32
	EndGlobalSection
	GlobalSection(ProjectConfigurationPlatforms) = postSolution
		{BDD9F9B8-069F-45E1-B51B-425A74DE22D7}.Debug|Win32.ActiveCfg = Debug|Win32
		{BDD9F9B8-069F-45E1-B51B-425A74DE22D7}.Debug|Win32.Build.0 = Debug|Win32
		{BDD9F9B8-069F-45E1-B51B-425A74DE22D7}.Release|Win32.ActiveCfg = Release|Win32
		{BDD9F9B8-069F-45E1-B51B-425A74DE22D7}.Release|Win32.Build.0 = Release|Win32
	EndGlobalSection
	GlobalSection(SolutionProperties) = preSolution
		HideSolutionNode = FALSE
	EndGlobalSection
EndGlobal
